
Microsoft Visual Studio Solution File, Format Version 12.00
# Visual Studio Version 16
VisualStudioVersion = 16.0.30907.101
MinimumVisualStudioVersion = 10.0.40219.1
Project("{FAE04EC0-301F-11D3-BF4B-00C04F79EFBC}") = "Fast food.UWP", "Fast food.UWP\Fast food.UWP.csproj", "{DA91DE04-0F23-4007-A8CA-619CAA507C64}"
EndProject
Project("{FAE04EC0-301F-11D3-BF4B-00C04F79EFBC}") = "Fast food.Android", "Fast food.Android\Fast food.Android.csproj", "{0EB2C106-77A0-4C70-A44F-70F1E8680AAB}"
EndProject
Project("{FAE04EC0-301F-11D3-BF4B-00C04F79EFBC}") = "Fast food.iOS", "Fast food.iOS\Fast food.iOS.csproj", "{91AA48B5-9861-4449-972C-3C8CD3E917A7}"
EndProject
Project("{FAE04EC0-301F-11D3-BF4B-00C04F79EFBC}") = "Fast food", "Fast food\Fast food.csproj", "{7988FB82-4134-4B7B-B27D-15C4971A08D6}"
EndProject
Global
	GlobalSection(SolutionConfigurationPlatforms) = preSolution
		Debug|Any CPU = Debug|Any CPU
		Debug|ARM = Debug|ARM
		Debug|iPhone = Debug|iPhone
		Debug|iPhoneSimulator = Debug|iPhoneSimulator
		Debug|x64 = Debug|x64
		Debug|x86 = Debug|x86
		Release|Any CPU = Release|Any CPU
		Release|ARM = Release|ARM
		Release|iPhone = Release|iPhone
		Release|iPhoneSimulator = Release|iPhoneSimulator
		Release|x64 = Release|x64
		Release|x86 = Release|x86
	EndGlobalSection
	GlobalSection(ProjectConfigurationPlatforms) = postSolution
		{DA91DE04-0F23-4007-A8CA-619CAA507C64}.Debug|Any CPU.ActiveCfg = Debug|x86
		{DA91DE04-0F23-4007-A8CA-619CAA507C64}.Debug|Any CPU.Build.0 = Debug|x86
		{DA91DE04-0F23-4007-A8CA-619CAA507C64}.Debug|Any CPU.Deploy.0 = Debug|x86
		{DA91DE04-0F23-4007-A8CA-619CAA507C64}.Debug|ARM.ActiveCfg = Debug|ARM
		{DA91DE04-0F23-4007-A8CA-619CAA507C64}.Debug|ARM.Build.0 = Debug|ARM
		{DA91DE04-0F23-4007-A8CA-619CAA507C64}.Debug|ARM.Deploy.0 = Debug|ARM
		{DA91DE04-0F23-4007-A8CA-619CAA507C64}.Debug|iPhone.ActiveCfg = Debug|x86
		{DA91DE04-0F23-4007-A8CA-619CAA507C64}.Debug|iPhone.Build.0 = Debug|x86
		{DA91DE04-0F23-4007-A8CA-619CAA507C64}.Debug|iPhone.Deploy.0 = Debug|x86
		{DA91DE04-0F23-4007-A8CA-619CAA507C64}.Debug|iPhoneSimulator.ActiveCfg = Debug|x86
		{DA91DE04-0F23-4007-A8CA-619CAA507C64}.Debug|iPhoneSimulator.Build.0 = Debug|x86
		{DA91DE04-0F23-4007-A8CA-619CAA507C64}.Debug|iPhoneSimulator.Deploy.0 = Debug|x86
		{DA91DE04-0F23-4007-A8CA-619CAA507C64}.Debug|x64.ActiveCfg = Debug|x64
		{DA91DE04-0F23-4007-A8CA-619CAA507C64}.Debug|x64.Build.0 = Debug|x64
		{DA91DE04-0F23-4007-A8CA-619CAA507C64}.Debug|x64.Deploy.0 = Debug|x64
		{DA91DE04-0F23-4007-A8CA-619CAA507C64}.Debug|x86.ActiveCfg = Debug|x86
		{DA91DE04-0F23-4007-A8CA-619CAA507C64}.Debug|x86.Build.0 = Debug|x86
		{DA91DE04-0F23-4007-A8CA-619CAA507C64}.Debug|x86.Deploy.0 = Debug|x86
		{DA91DE04-0F23-4007-A8CA-619CAA507C64}.Release|Any CPU.ActiveCfg = Release|x86
		{DA91DE04-0F23-4007-A8CA-619CAA507C64}.Release|Any CPU.Build.0 = Release|x86
		{DA91DE04-0F23-4007-A8CA-619CAA507C64}.Release|Any CPU.Deploy.0 = Release|x86
		{DA91DE04-0F23-4007-A8CA-619CAA507C64}.Release|ARM.ActiveCfg = Release|ARM
		{DA91DE04-0F23-4007-A8CA-619CAA507C64}.Release|ARM.Build.0 = Release|ARM
		{DA91DE04-0F23-4007-A8CA-619CAA507C64}.Release|ARM.Deploy.0 = Release|ARM
		{DA91DE04-0F23-4007-A8CA-619CAA507C64}.Release|iPhone.ActiveCfg = Release|x86
		{DA91DE04-0F23-4007-A8CA-619CAA507C64}.Release|iPhone.Build.0 = Release|x86
		{DA91DE04-0F23-4007-A8CA-619CAA507C64}.Release|iPhone.Deploy.0 = Release|x86
		{DA91DE04-0F23-4007-A8CA-619CAA507C64}.Release|iPhoneSimulator.ActiveCfg = Release|x86
		{DA91DE04-0F23-4007-A8CA-619CAA507C64}.Release|iPhoneSimulator.Build.0 = Release|x86
		{DA91DE04-0F23-4007-A8CA-619CAA507C64}.Release|iPhoneSimulator.Deploy.0 = Release|x86
		{DA91DE04-0F23-4007-A8CA-619CAA507C64}.Release|x64.ActiveCfg = Release|x64
		{DA91DE04-0F23-4007-A8CA-619CAA507C64}.Release|x64.Build.0 = Release|x64
		{DA91DE04-0F23-4007-A8CA-619CAA507C64}.Release|x64.Deploy.0 = Release|x64
		{DA91DE04-0F23-4007-A8CA-619CAA507C64}.Release|x86.ActiveCfg = Release|x86
		{DA91DE04-0F23-4007-A8CA-619CAA507C64}.Release|x86.Build.0 = Release|x86
		{DA91DE04-0F23-4007-A8CA-619CAA507C64}.Release|x86.Deploy.0 = Release|x86
		{0EB2C106-77A0-4C70-A44F-70F1E8680AAB}.Debug|Any CPU.ActiveCfg = Debug|Any CPU
		{0EB2C106-77A0-4C70-A44F-70F1E8680AAB}.Debug|Any CPU.Build.0 = Debug|Any CPU
		{0EB2C106-77A0-4C70-A44F-70F1E8680AAB}.Debug|Any CPU.Deploy.0 = Debug|Any CPU
		{0EB2C106-77A0-4C70-A44F-70F1E8680AAB}.Debug|ARM.ActiveCfg = Debug|Any CPU
		{0EB2C106-77A0-4C70-A44F-70F1E8680AAB}.Debug|ARM.Build.0 = Debug|Any CPU
		{0EB2C106-77A0-4C70-A44F-70F1E8680AAB}.Debug|ARM.Deploy.0 = Debug|Any CPU
		{0EB2C106-77A0-4C70-A44F-70F1E8680AAB}.Debug|iPhone.ActiveCfg = Debug|Any CPU
		{0EB2C106-77A0-4C70-A44F-70F1E8680AAB}.Debug|iPhone.Build.0 = Debug|Any CPU
		{0EB2C106-77A0-4C70-A44F-70F1E8680AAB}.Debug|iPhone.Deploy.0 = Debug|Any CPU
		{0EB2C106-77A0-4C70-A44F-70F1E8680AAB}.Debug|iPhoneSimulator.ActiveCfg = Debug|Any CPU
		{0EB2C106-77A0-4C70-A44F-70F1E8680AAB}.Debug|iPhoneSimulator.Build.0 = Debug|Any CPU
		{0EB2C106-77A0-4C70-A44F-70F1E8680AAB}.Debug|iPhoneSimulator.Deploy.0 = Debug|Any CPU
		{0EB2C106-77A0-4C70-A44F-70F1E8680AAB}.Debug|x64.ActiveCfg = Debug|Any CPU
		{0EB2C106-77A0-4C70-A44F-70F1E8680AAB}.Debug|x64.Build.0 = Debug|Any CPU
		{0EB2C106-77A0-4C70-A44F-70F1E8680AAB}.Debug|x64.Deploy.0 = Debug|Any CPU
		{0EB2C106-77A0-4C70-A44F-70F1E8680AAB}.Debug|x86.ActiveCfg = Debug|Any CPU
		{0EB2C106-77A0-4C70-A44F-70F1E8680AAB}.Debug|x86.Build.0 = Debug|Any CPU
		{0EB2C106-77A0-4C70-A44F-70F1E8680AAB}.Debug|x86.Deploy.0 = Debug|Any CPU
		{0EB2C106-77A0-4C70-A44F-70F1E8680AAB}.Release|Any CPU.ActiveCfg = Release|Any CPU
		{0EB2C106-77A0-4C70-A44F-70F1E8680AAB}.Release|Any CPU.Build.0 = Release|Any CPU
		{0EB2C106-77A0-4C70-A44F-70F1E8680AAB}.Release|Any CPU.Deploy.0 = Release|Any CPU
		{0EB2C106-77A0-4C70-A44F-70F1E8680AAB}.Release|ARM.ActiveCfg = Release|Any CPU
		{0EB2C106-77A0-4C70-A44F-70F1E8680AAB}.Release|ARM.Build.0 = Release|Any CPU
		{0EB2C106-77A0-4C70-A44F-70F1E8680AAB}.Release|ARM.Deploy.0 = Release|Any CPU
		{0EB2C106-77A0-4C70-A44F-70F1E8680AAB}.Release|iPhone.ActiveCfg = Release|Any CPU
		{0EB2C106-77A0-4C70-A44F-70F1E8680AAB}.Release|iPhone.Build.0 = Release|Any CPU
		{0EB2C106-77A0-4C70-A44F-70F1E8680AAB}.Release|iPhone.Deploy.0 = Release|Any CPU
		{0EB2C106-77A0-4C70-A44F-70F1E8680AAB}.Release|iPhoneSimulator.ActiveCfg = Release|Any CPU
		{0EB2C106-77A0-4C70-A44F-70F1E8680AAB}.Release|iPhoneSimulator.Build.0 = Release|Any CPU
		{0EB2C106-77A0-4C70-A44F-70F1E8680AAB}.Release|iPhoneSimulator.Deploy.0 = Release|Any CPU
		{0EB2C106-77A0-4C70-A44F-70F1E8680AAB}.Release|x64.ActiveCfg = Release|Any CPU
		{0EB2C106-77A0-4C70-A44F-70F1E8680AAB}.Release|x64.Build.0 = Release|Any CPU
		{0EB2C106-77A0-4C70-A44F-70F1E8680AAB}.Release|x64.Deploy.0 = Release|Any CPU
		{0EB2C106-77A0-4C70-A44F-70F1E8680AAB}.Release|x86.ActiveCfg = Release|Any CPU
		{0EB2C106-77A0-4C70-A44F-70F1E8680AAB}.Release|x86.Build.0 = Release|Any CPU
		{0EB2C106-77A0-4C70-A44F-70F1E8680AAB}.Release|x86.Deploy.0 = Release|Any CPU
		{91AA48B5-9861-4449-972C-3C8CD3E917A7}.Debug|Any CPU.ActiveCfg = Debug|iPhoneSimulator
		{91AA48B5-9861-4449-972C-3C8CD3E917A7}.Debug|Any CPU.Build.0 = Debug|iPhoneSimulator
		{91AA48B5-9861-4449-972C-3C8CD3E917A7}.Debug|Any CPU.Deploy.0 = Debug|iPhoneSimulator
		{91AA48B5-9861-4449-972C-3C8CD3E917A7}.Debug|ARM.ActiveCfg = Debug|iPhone
		{91AA48B5-9861-4449-972C-3C8CD3E917A7}.Debug|ARM.Build.0 = Debug|iPhone
		{91AA48B5-9861-4449-972C-3C8CD3E917A7}.Debug|ARM.Deploy.0 = Debug|iPhone
		{91AA48B5-9861-4449-972C-3C8CD3E917A7}.Debug|iPhone.ActiveCfg = Debug|iPhone
		{91AA48B5-9861-4449-972C-3C8CD3E917A7}.Debug|iPhone.Build.0 = Debug|iPhone
		{91AA48B5-9861-4449-972C-3C8CD3E917A7}.Debug|iPhone.Deploy.0 = Debug|iPhone
		{91AA48B5-9861-4449-972C-3C8CD3E917A7}.Debug|iPhoneSimulator.ActiveCfg = Debug|iPhoneSimulator
		{91AA48B5-9861-4449-972C-3C8CD3E917A7}.Debug|iPhoneSimulator.Build.0 = Debug|iPhoneSimulator
		{91AA48B5-9861-4449-972C-3C8CD3E917A7}.Debug|iPhoneSimulator.Deploy.0 = Debug|iPhoneSimulator
		{91AA48B5-9861-4449-972C-3C8CD3E917A7}.Debug|x64.ActiveCfg = Debug|iPhoneSimulator
		{91AA48B5-9861-4449-972C-3C8CD3E917A7}.Debug|x64.Build.0 = Debug|iPhoneSimulator
		{91AA48B5-9861-4449-972C-3C8CD3E917A7}.Debug|x64.Deploy.0 = Debug|iPhoneSimulator
		{91AA48B5-9861-4449-972C-3C8CD3E917A7}.Debug|x86.ActiveCfg = Debug|iPhoneSimulator
		{91AA48B5-9861-4449-972C-3C8CD3E917A7}.Debug|x86.Build.0 = Debug|iPhoneSimulator
		{91AA48B5-9861-4449-972C-3C8CD3E917A7}.Debug|x86.Deploy.0 = Debug|iPhoneSimulator
		{91AA48B5-9861-4449-972C-3C8CD3E917A7}.Release|Any CPU.ActiveCfg = Release|iPhoneSimulator
		{91AA48B5-9861-4449-972C-3C8CD3E917A7}.Release|Any CPU.Build.0 = Release|iPhoneSimulator
		{91AA48B5-9861-4449-972C-3C8CD3E917A7}.Release|Any CPU.Deploy.0 = Release|iPhoneSimulator
		{91AA48B5-9861-4449-972C-3C8CD3E917A7}.Release|ARM.ActiveCfg = Release|iPhoneSimulator
		{91AA48B5-9861-4449-972C-3C8CD3E917A7}.Release|ARM.Build.0 = Release|iPhoneSimulator
		{91AA48B5-9861-4449-972C-3C8CD3E917A7}.Release|ARM.Deploy.0 = Release|iPhoneSimulator
		{91AA48B5-9861-4449-972C-3C8CD3E917A7}.Release|iPhone.ActiveCfg = Release|iPhone
		{91AA48B5-9861-4449-972C-3C8CD3E917A7}.Release|iPhone.Build.0 = Release|iPhone
		{91AA48B5-9861-4449-972C-3C8CD3E917A7}.Release|iPhone.Deploy.0 = Release|iPhone
		{91AA48B5-9861-4449-972C-3C8CD3E917A7}.Release|iPhoneSimulator.ActiveCfg = Release|iPhoneSimulator
		{91AA48B5-9861-4449-972C-3C8CD3E917A7}.Release|iPhoneSimulator.Build.0 = Release|iPhoneSimulator
		{91AA48B5-9861-4449-972C-3C8CD3E917A7}.Release|iPhoneSimulator.Deploy.0 = Release|iPhoneSimulator
		{91AA48B5-9861-4449-972C-3C8CD3E917A7}.Release|x64.ActiveCfg = Release|iPhoneSimulator
		{91AA48B5-9861-4449-972C-3C8CD3E917A7}.Release|x64.Build.0 = Release|iPhoneSimulator
		{91AA48B5-9861-4449-972C-3C8CD3E917A7}.Release|x64.Deploy.0 = Release|iPhoneSimulator
		{91AA48B5-9861-4449-972C-3C8CD3E917A7}.Release|x86.ActiveCfg = Release|iPhoneSimulator
		{91AA48B5-9861-4449-972C-3C8CD3E917A7}.Release|x86.Build.0 = Release|iPhoneSimulator
		{91AA48B5-9861-4449-972C-3C8CD3E917A7}.Release|x86.Deploy.0 = Release|iPhoneSimulator
		{7988FB82-4134-4B7B-B27D-15C4971A08D6}.Debug|Any CPU.ActiveCfg = Debug|Any CPU
		{7988FB82-4134-4B7B-B27D-15C4971A08D6}.Debug|Any CPU.Build.0 = Debug|Any CPU
		{7988FB82-4134-4B7B-B27D-15C4971A08D6}.Debug|Any CPU.Deploy.0 = Debug|Any CPU
		{7988FB82-4134-4B7B-B27D-15C4971A08D6}.Debug|ARM.ActiveCfg = Debug|Any CPU
		{7988FB82-4134-4B7B-B27D-15C4971A08D6}.Debug|ARM.Build.0 = Debug|Any CPU
		{7988FB82-4134-4B7B-B27D-15C4971A08D6}.Debug|ARM.Deploy.0 = Debug|Any CPU
		{7988FB82-4134-4B7B-B27D-15C4971A08D6}.Debug|iPhone.ActiveCfg = Debug|Any CPU
		{7988FB82-4134-4B7B-B27D-15C4971A08D6}.Debug|iPhone.Build.0 = Debug|Any CPU
		{7988FB82-4134-4B7B-B27D-15C4971A08D6}.Debug|iPhone.Deploy.0 = Debug|Any CPU
		{7988FB82-4134-4B7B-B27D-15C4971A08D6}.Debug|iPhoneSimulator.ActiveCfg = Debug|Any CPU
		{7988FB82-4134-4B7B-B27D-15C4971A08D6}.Debug|iPhoneSimulator.Build.0 = Debug|Any CPU
		{7988FB82-4134-4B7B-B27D-15C4971A08D6}.Debug|iPhoneSimulator.Deploy.0 = Debug|Any CPU
		{7988FB82-4134-4B7B-B27D-15C4971A08D6}.Debug|x64.ActiveCfg = Debug|Any CPU
		{7988FB82-4134-4B7B-B27D-15C4971A08D6}.Debug|x64.Build.0 = Debug|Any CPU
		{7988FB82-4134-4B7B-B27D-15C4971A08D6}.Debug|x64.Deploy.0 = Debug|Any CPU
		{7988FB82-4134-4B7B-B27D-15C4971A08D6}.Debug|x86.ActiveCfg = Debug|Any CPU
		{7988FB82-4134-4B7B-B27D-15C4971A08D6}.Debug|x86.Build.0 = Debug|Any CPU
		{7988FB82-4134-4B7B-B27D-15C4971A08D6}.Debug|x86.Deploy.0 = Debug|Any CPU
		{7988FB82-4134-4B7B-B27D-15C4971A08D6}.Release|Any CPU.ActiveCfg = Release|Any CPU
		{7988FB82-4134-4B7B-B27D-15C4971A08D6}.Release|Any CPU.Build.0 = Release|Any CPU
		{7988FB82-4134-4B7B-B27D-15C4971A08D6}.Release|Any CPU.Deploy.0 = Release|Any CPU
		{7988FB82-4134-4B7B-B27D-15C4971A08D6}.Release|ARM.ActiveCfg = Release|Any CPU
		{7988FB82-4134-4B7B-B27D-15C4971A08D6}.Release|ARM.Build.0 = Release|Any CPU
		{7988FB82-4134-4B7B-B27D-15C4971A08D6}.Release|ARM.Deploy.0 = Release|Any CPU
		{7988FB82-4134-4B7B-B27D-15C4971A08D6}.Release|iPhone.ActiveCfg = Release|Any CPU
		{7988FB82-4134-4B7B-B27D-15C4971A08D6}.Release|iPhone.Build.0 = Release|Any CPU
		{7988FB82-4134-4B7B-B27D-15C4971A08D6}.Release|iPhone.Deploy.0 = Release|Any CPU
		{7988FB82-4134-4B7B-B27D-15C4971A08D6}.Release|iPhoneSimulator.ActiveCfg = Release|Any CPU
		{7988FB82-4134-4B7B-B27D-15C4971A08D6}.Release|iPhoneSimulator.Build.0 = Release|Any CPU
		{7988FB82-4134-4B7B-B27D-15C4971A08D6}.Release|iPhoneSimulator.Deploy.0 = Release|Any CPU
		{7988FB82-4134-4B7B-B27D-15C4971A08D6}.Release|x64.ActiveCfg = Release|Any CPU
		{7988FB82-4134-4B7B-B27D-15C4971A08D6}.Release|x64.Build.0 = Release|Any CPU
		{7988FB82-4134-4B7B-B27D-15C4971A08D6}.Release|x64.Deploy.0 = Release|Any CPU
		{7988FB82-4134-4B7B-B27D-15C4971A08D6}.Release|x86.ActiveCfg = Release|Any CPU
		{7988FB82-4134-4B7B-B27D-15C4971A08D6}.Release|x86.Build.0 = Release|Any CPU
		{7988FB82-4134-4B7B-B27D-15C4971A08D6}.Release|x86.Deploy.0 = Release|Any CPU
	EndGlobalSection
	GlobalSection(SolutionProperties) = preSolution
		HideSolutionNode = FALSE
	EndGlobalSection
	GlobalSection(ExtensibilityGlobals) = postSolution
		SolutionGuid = {5AD465C6-890C-433A-8AA9-51EAB26E0518}
	EndGlobalSection
EndGlobal
